{
  "nodes": {
    "nixpkgs": {
      "locked": {
        "lastModified": 1743954162,
        "narHash": "sha256-McARFoYOey0LUBD8vZyylh/b13EToHeoy/kOSJbR6XI=",
        "owner": "NixOS",
        "repo": "nixpkgs",
        "rev": "8f3cf34b8d2e2caf4ae5ee1d1fddc1baab4c5964",
        "type": "github"
      },
      "original": {
        "owner": "NixOS",
        "repo": "nixpkgs",
        "rev": "8f3cf34b8d2e2caf4ae5ee1d1fddc1baab4c5964",
        "type": "github"
      }
    },
    "root": {
      "inputs": {
        "nixpkgs": "nixpkgs"
      }
    }
  },
  "root": "root",
  "version": 7
}
